// !$*UTF8*$!
{
	archiveVersion = 1;
	classes = {
	};
	objectVersion = 50;
	objects = {

/* Begin PBXBuildFile section */
		3A89207026FF972C005F985E /* emptyTableView.swift in Sources */ = {isa = PBXBuildFile; fileRef = 3A89206F26FF972C005F985E /* emptyTableView.swift */; };
		3A89207226FF9A23005F985E /* imageBorders.swift in Sources */ = {isa = PBXBuildFile; fileRef = 3A89207126FF9A23005F985E /* imageBorders.swift */; };
		3A89207426FF9A9E005F985E /* Geolocation.swift in Sources */ = {isa = PBXBuildFile; fileRef = 3A89207326FF9A9E005F985E /* Geolocation.swift */; };
		3A89207626FF9E14005F985E /* loadImage.swift in Sources */ = {isa = PBXBuildFile; fileRef = 3A89207526FF9E14005F985E /* loadImage.swift */; };
		3ACC518726DECD6E006E9F9C /* AppDelegate.swift in Sources */ = {isa = PBXBuildFile; fileRef = 3ACC518626DECD6E006E9F9C /* AppDelegate.swift */; };
		3ACC518926DECD6E006E9F9C /* SceneDelegate.swift in Sources */ = {isa = PBXBuildFile; fileRef = 3ACC518826DECD6E006E9F9C /* SceneDelegate.swift */; };
		3ACC518B26DECD6E006E9F9C /* EventView.swift in Sources */ = {isa = PBXBuildFile; fileRef = 3ACC518A26DECD6E006E9F9C /* EventView.swift */; };
		3ACC518E26DECD6E006E9F9C /* Main.storyboard in Resources */ = {isa = PBXBuildFile; fileRef = 3ACC518C26DECD6E006E9F9C /* Main.storyboard */; };
		3ACC519026DECD70006E9F9C /* Assets.xcassets in Resources */ = {isa = PBXBuildFile; fileRef = 3ACC518F26DECD70006E9F9C /* Assets.xcassets */; };
		3ACC519326DECD70006E9F9C /* LaunchScreen.storyboard in Resources */ = {isa = PBXBuildFile; fileRef = 3ACC519126DECD70006E9F9C /* LaunchScreen.storyboard */; };
		3ACC519D26DECEBD006E9F9C /* Venue.swift in Sources */ = {isa = PBXBuildFile; fileRef = 3ACC519C26DECEBD006E9F9C /* Venue.swift */; };
		3ACC519F26DECEF2006E9F9C /* Event.swift in Sources */ = {isa = PBXBuildFile; fileRef = 3ACC519E26DECEF2006E9F9C /* Event.swift */; };
		3ACC51A126DECF4E006E9F9C /* Stats.swift in Sources */ = {isa = PBXBuildFile; fileRef = 3ACC51A026DECF4E006E9F9C /* Stats.swift */; };
		3ACC51A326E03459006E9F9C /* Performer.swift in Sources */ = {isa = PBXBuildFile; fileRef = 3ACC51A226E03459006E9F9C /* Performer.swift */; };
		3ACC51A526E0352E006E9F9C /* Recommendations.swift in Sources */ = {isa = PBXBuildFile; fileRef = 3ACC51A426E0352E006E9F9C /* Recommendations.swift */; };
/* End PBXBuildFile section */

/* Begin PBXFileReference section */
		3A89206F26FF972C005F985E /* emptyTableView.swift */ = {isa = PBXFileReference; lastKnownFileType = sourcecode.swift; path = emptyTableView.swift; sourceTree = "<group>"; };
		3A89207126FF9A23005F985E /* imageBorders.swift */ = {isa = PBXFileReference; lastKnownFileType = sourcecode.swift; path = imageBorders.swift; sourceTree = "<group>"; };
		3A89207326FF9A9E005F985E /* Geolocation.swift */ = {isa = PBXFileReference; lastKnownFileType = sourcecode.swift; path = Geolocation.swift; sourceTree = "<group>"; };
		3A89207526FF9E14005F985E /* loadImage.swift */ = {isa = PBXFileReference; lastKnownFileType = sourcecode.swift; path = loadImage.swift; sourceTree = "<group>"; };
		3ACC518326DECD6E006E9F9C /* FetchMe-Events.app */ = {isa = PBXFileReference; explicitFileType = wrapper.application; includeInIndex = 0; path = "FetchMe-Events.app"; sourceTree = BUILT_PRODUCTS_DIR; };
		3ACC518626DECD6E006E9F9C /* AppDelegate.swift */ = {isa = PBXFileReference; lastKnownFileType = sourcecode.swift; path = AppDelegate.swift; sourceTree = "<group>"; };
		3ACC518826DECD6E006E9F9C /* SceneDelegate.swift */ = {isa = PBXFileReference; lastKnownFileType = sourcecode.swift; path = SceneDelegate.swift; sourceTree = "<group>"; };
		3ACC518A26DECD6E006E9F9C /* EventView.swift */ = {isa = PBXFileReference; lastKnownFileType = sourcecode.swift; path = EventView.swift; sourceTree = "<group>"; };
		3ACC518D26DECD6E006E9F9C /* Base */ = {isa = PBXFileReference; lastKnownFileType = file.storyboard; name = Base; path = Base.lproj/Main.storyboard; sourceTree = "<group>"; };
		3ACC518F26DECD70006E9F9C /* Assets.xcassets */ = {isa = PBXFileReference; lastKnownFileType = folder.assetcatalog; path = Assets.xcassets; sourceTree = "<group>"; };
		3ACC519226DECD70006E9F9C /* Base */ = {isa = PBXFileReference; lastKnownFileType = file.storyboard; name = Base; path = Base.lproj/LaunchScreen.storyboard; sourceTree = "<group>"; };
		3ACC519426DECD70006E9F9C /* Info.plist */ = {isa = PBXFileReference; lastKnownFileType = text.plist.xml; path = Info.plist; sourceTree = "<group>"; };
		3ACC519C26DECEBD006E9F9C /* Venue.swift */ = {isa = PBXFileReference; lastKnownFileType = sourcecode.swift; path = Venue.swift; sourceTree = "<group>"; };
		3ACC519E26DECEF2006E9F9C /* Event.swift */ = {isa = PBXFileReference; lastKnownFileType = sourcecode.swift; path = Event.swift; sourceTree = "<group>"; };
		3ACC51A026DECF4E006E9F9C /* Stats.swift */ = {isa = PBXFileReference; lastKnownFileType = sourcecode.swift; path = Stats.swift; sourceTree = "<group>"; };
		3ACC51A226E03459006E9F9C /* Performer.swift */ = {isa = PBXFileReference; lastKnownFileType = sourcecode.swift; path = Performer.swift; sourceTree = "<group>"; };
		3ACC51A426E0352E006E9F9C /* Recommendations.swift */ = {isa = PBXFileReference; lastKnownFileType = sourcecode.swift; path = Recommendations.swift; sourceTree = "<group>"; };
/* End PBXFileReference section */

/* Begin PBXFrameworksBuildPhase section */
		3ACC518026DECD6E006E9F9C /* Frameworks */ = {
			isa = PBXFrameworksBuildPhase;
			buildActionMask = 2147483647;
			files = (
			);
			runOnlyForDeploymentPostprocessing = 0;
		};
/* End PBXFrameworksBuildPhase section */

/* Begin PBXGroup section */
		3A89206D26FF9360005F985E /* Reponse */ = {
			isa = PBXGroup;
			children = (
				3ACC519C26DECEBD006E9F9C /* Venue.swift */,
				3ACC51A426E0352E006E9F9C /* Recommendations.swift */,
				3ACC51A226E03459006E9F9C /* Performer.swift */,
				3ACC51A026DECF4E006E9F9C /* Stats.swift */,
				3ACC519E26DECEF2006E9F9C /* Event.swift */,
			);
			path = Reponse;
			sourceTree = "<group>";
		};
		3A89206E26FF9694005F985E /* Assisting */ = {
			isa = PBXGroup;
			children = (
				3A89207126FF9A23005F985E /* imageBorders.swift */,
				3A89206F26FF972C005F985E /* emptyTableView.swift */,
				3A89207326FF9A9E005F985E /* Geolocation.swift */,
				3A89207526FF9E14005F985E /* loadImage.swift */,
			);
			path = Assisting;
			sourceTree = "<group>";
		};
		3ACC517A26DECD6E006E9F9C = {
			isa = PBXGroup;
			children = (
				3ACC518526DECD6E006E9F9C /* FetchMe-Events */,
				3A89206E26FF9694005F985E /* Assisting */,
				3ACC519426DECD70006E9F9C /* Info.plist */,
				3ACC518426DECD6E006E9F9C /* Products */,
			);
			sourceTree = "<group>";
		};
		3ACC518426DECD6E006E9F9C /* Products */ = {
			isa = PBXGroup;
			children = (
				3ACC518326DECD6E006E9F9C /* FetchMe-Events.app */,
			);
			name = Products;
			sourceTree = "<group>";
		};
		3ACC518526DECD6E006E9F9C /* FetchMe-Events */ = {
			isa = PBXGroup;
			children = (
				3ACC518626DECD6E006E9F9C /* AppDelegate.swift */,
				3ACC518826DECD6E006E9F9C /* SceneDelegate.swift */,
				3ACC518C26DECD6E006E9F9C /* Main.storyboard */,
				3ACC519126DECD70006E9F9C /* LaunchScreen.storyboard */,
				3ACC518F26DECD70006E9F9C /* Assets.xcassets */,
				3ACC51A626EA69BB006E9F9C /* Model */,
				3ACC51A726EA6A16006E9F9C /* View */,
				3ACC51A826EA6A34006E9F9C /* Controller */,
			);
			path = "FetchMe-Events";
			sourceTree = "<group>";
		};
		3ACC51A626EA69BB006E9F9C /* Model */ = {
			isa = PBXGroup;
			children = (
				3A89206D26FF9360005F985E /* Reponse */,
			);
			path = Model;
			sourceTree = "<group>";
		};
		3ACC51A726EA6A16006E9F9C /* View */ = {
			isa = PBXGroup;
			children = (
				3ACC518A26DECD6E006E9F9C /* EventView.swift */,
			);
			path = View;
			sourceTree = "<group>";
		};
		3ACC51A826EA6A34006E9F9C /* Controller */ = {
			isa = PBXGroup;
			children = (
			);
			path = Controller;
			sourceTree = "<group>";
		};
/* End PBXGroup section */

/* Begin PBXNativeTarget section */
		3ACC518226DECD6E006E9F9C /* FetchMe-Events */ = {
			isa = PBXNativeTarget;
			buildConfigurationList = 3ACC519726DECD70006E9F9C /* Build configuration list for PBXNativeTarget "FetchMe-Events" */;
			buildPhases = (
				3ACC517F26DECD6E006E9F9C /* Sources */,
				3ACC518026DECD6E006E9F9C /* Frameworks */,
				3ACC518126DECD6E006E9F9C /* Resources */,
			);
			buildRules = (
			);
			dependencies = (
			);
			name = "FetchMe-Events";
			productName = "FetchMe-Events";
			productReference = 3ACC518326DECD6E006E9F9C /* FetchMe-Events.app */;
			productType = "com.apple.product-type.application";
		};
/* End PBXNativeTarget section */

/* Begin PBXProject section */
		3ACC517B26DECD6E006E9F9C /* Project object */ = {
			isa = PBXProject;
			attributes = {
				LastSwiftUpdateCheck = 1250;
				LastUpgradeCheck = 1250;
				TargetAttributes = {
					3ACC518226DECD6E006E9F9C = {
						CreatedOnToolsVersion = 12.5.1;
					};
				};
			};
			buildConfigurationList = 3ACC517E26DECD6E006E9F9C /* Build configuration list for PBXProject "FetchMe-Events" */;
			compatibilityVersion = "Xcode 9.3";
			developmentRegion = en;
			hasScannedForEncodings = 0;
			knownRegions = (
				en,
				Base,
			);
			mainGroup = 3ACC517A26DECD6E006E9F9C;
			productRefGroup = 3ACC518426DECD6E006E9F9C /* Products */;
			projectDirPath = "";
			projectRoot = "";
			targets = (
				3ACC518226DECD6E006E9F9C /* FetchMe-Events */,
			);
		};
/* End PBXProject section */

/* Begin PBXResourcesBuildPhase section */
		3ACC518126DECD6E006E9F9C /* Resources */ = {
			isa = PBXResourcesBuildPhase;
			buildActionMask = 2147483647;
			files = (
				3ACC519326DECD70006E9F9C /* LaunchScreen.storyboard in Resources */,
				3ACC519026DECD70006E9F9C /* Assets.xcassets in Resources */,
				3ACC518E26DECD6E006E9F9C /* Main.storyboard in Resources */,
			);
			runOnlyForDeploymentPostprocessing = 0;
		};
/* End PBXResourcesBuildPhase section */

/* Begin PBXSourcesBuildPhase section */
		3ACC517F26DECD6E006E9F9C /* Sources */ = {
			isa = PBXSourcesBuildPhase;
			buildActionMask = 2147483647;
			files = (
				3ACC51A526E0352E006E9F9C /* Recommendations.swift in Sources */,
				3A89207026FF972C005F985E /* emptyTableView.swift in Sources */,
				3ACC518B26DECD6E006E9F9C /* EventView.swift in Sources */,
				3ACC51A326E03459006E9F9C /* Performer.swift in Sources */,
				3A89207426FF9A9E005F985E /* Geolocation.swift in Sources */,
				3ACC51A126DECF4E006E9F9C /* Stats.swift in Sources */,
				3ACC518726DECD6E006E9F9C /* AppDelegate.swift in Sources */,
				3ACC518926DECD6E006E9F9C /* SceneDelegate.swift in Sources */,
				3ACC519F26DECEF2006E9F9C /* Event.swift in Sources */,
				3A89207626FF9E14005F985E /* loadImage.swift in Sources */,
				3ACC519D26DECEBD006E9F9C /* Venue.swift in Sources */,
				3A89207226FF9A23005F985E /* imageBorders.swift in Sources */,
			);
			runOnlyForDeploymentPostprocessing = 0;
		};
/* End PBXSourcesBuildPhase section */

/* Begin PBXVariantGroup section */
		3ACC518C26DECD6E006E9F9C /* Main.storyboard */ = {
			isa = PBXVariantGroup;
			children = (
				3ACC518D26DECD6E006E9F9C /* Base */,
			);
			name = Main.storyboard;
			sourceTree = "<group>";
		};
		3ACC519126DECD70006E9F9C /* LaunchScreen.storyboard */ = {
			isa = PBXVariantGroup;
			children = (
				3ACC519226DECD70006E9F9C /* Base */,
			);
			name = LaunchScreen.storyboard;
			sourceTree = "<group>";
		};
/* End PBXVariantGroup section */

/* Begin XCBuildConfiguration section */
		3ACC519526DECD70006E9F9C /* Debug */ = {
			isa = XCBuildConfiguration;
			buildSettings = {
				ALWAYS_SEARCH_USER_PATHS = NO;
				CLANG_ANALYZER_NONNULL = YES;
				CLANG_ANALYZER_NUMBER_OBJECT_CONVERSION = YES_AGGRESSIVE;
				CLANG_CXX_LANGUAGE_STANDARD = "gnu++14";
				CLANG_CXX_LIBRARY = "libc++";
				CLANG_ENABLE_MODULES = YES;
				CLANG_ENABLE_OBJC_ARC = YES;
				CLANG_ENABLE_OBJC_WEAK = YES;
				CLANG_WARN_BLOCK_CAPTURE_AUTORELEASING = YES;
				CLANG_WARN_BOOL_CONVERSION = YES;
				CLANG_WARN_COMMA = YES;
				CLANG_WARN_CONSTANT_CONVERSION = YES;
				CLANG_WARN_DEPRECATED_OBJC_IMPLEMENTATIONS = YES;
				CLANG_WARN_DIRECT_OBJC_ISA_USAGE = YES_ERROR;
				CLANG_WARN_DOCUMENTATION_COMMENTS = YES;
				CLANG_WARN_EMPTY_BODY = YES;
				CLANG_WARN_ENUM_CONVERSION = YES;
				CLANG_WARN_INFINITE_RECURSION = YES;
				CLANG_WARN_INT_CONVERSION = YES;
				CLANG_WARN_NON_LITERAL_NULL_CONVERSION = YES;
				CLANG_WARN_OBJC_IMPLICIT_RETAIN_SELF = YES;
				CLANG_WARN_OBJC_LITERAL_CONVERSION = YES;
				CLANG_WARN_OBJC_ROOT_CLASS = YES_ERROR;
				CLANG_WARN_QUOTED_INCLUDE_IN_FRAMEWORK_HEADER = YES;
				CLANG_WARN_RANGE_LOOP_ANALYSIS = YES;
				CLANG_WARN_STRICT_PROTOTYPES = YES;
				CLANG_WARN_SUSPICIOUS_MOVE = YES;
				CLANG_WARN_UNGUARDED_AVAILABILITY = YES_AGGRESSIVE;
				CLANG_WARN_UNREACHABLE_CODE = YES;
				CLANG_WARN__DUPLICATE_METHOD_MATCH = YES;
				COPY_PHASE_STRIP = NO;
				DEBUG_INFORMATION_FORMAT = dwarf;
				ENABLE_STRICT_OBJC_MSGSEND = YES;
				ENABLE_TESTABILITY = YES;
				GCC_C_LANGUAGE_STANDARD = gnu11;
				GCC_DYNAMIC_NO_PIC = NO;
				GCC_NO_COMMON_BLOCKS = YES;
				GCC_OPTIMIZATION_LEVEL = 0;
				GCC_PREPROCESSOR_DEFINITIONS = (
					"DEBUG=1",
					"$(inherited)",
				);
				GCC_WARN_64_TO_32_BIT_CONVERSION = YES;
				GCC_WARN_ABOUT_RETURN_TYPE = YES_ERROR;
				GCC_WARN_UNDECLARED_SELECTOR = YES;
				GCC_WARN_UNINITIALIZED_AUTOS = YES_AGGRESSIVE;
				GCC_WARN_UNUSED_FUNCTION = YES;
				GCC_WARN_UNUSED_VARIABLE = YES;
				IPHONEOS_DEPLOYMENT_TARGET = 14.5;
				MTL_ENABLE_DEBUG_INFO = INCLUDE_SOURCE;
				MTL_FAST_MATH = YES;
				ONLY_ACTIVE_ARCH = YES;
				SDKROOT = iphoneos;
				SWIFT_ACTIVE_COMPILATION_CONDITIONS = DEBUG;
				SWIFT_OPTIMIZATION_LEVEL = "-Onone";
			};
			name = Debug;
		};
		3ACC519626DECD70006E9F9C /* Release */ = {
			isa = XCBuildConfiguration;
			buildSettings = {
				ALWAYS_SEARCH_USER_PATHS = NO;
				CLANG_ANALYZER_NONNULL = YES;
				CLANG_ANALYZER_NUMBER_OBJECT_CONVERSION = YES_AGGRESSIVE;
				CLANG_CXX_LANGUAGE_STANDARD = "gnu++14";
				CLANG_CXX_LIBRARY = "libc++";
				CLANG_ENABLE_MODULES = YES;
				CLANG_ENABLE_OBJC_ARC = YES;
				CLANG_ENABLE_OBJC_WEAK = YES;
				CLANG_WARN_BLOCK_CAPTURE_AUTORELEASING = YES;
				CLANG_WARN_BOOL_CONVERSION = YES;
				CLANG_WARN_COMMA = YES;
				CLANG_WARN_CONSTANT_CONVERSION = YES;
				CLANG_WARN_DEPRECATED_OBJC_IMPLEMENTATIONS = YES;
				CLANG_WARN_DIRECT_OBJC_ISA_USAGE = YES_ERROR;
				CLANG_WARN_DOCUMENTATION_COMMENTS = YES;
				CLANG_WARN_EMPTY_BODY = YES;
				CLANG_WARN_ENUM_CONVERSION = YES;
				CLANG_WARN_INFINITE_RECURSION = YES;
				CLANG_WARN_INT_CONVERSION = YES;
				CLANG_WARN_NON_LITERAL_NULL_CONVERSION = YES;
				CLANG_WARN_OBJC_IMPLICIT_RETAIN_SELF = YES;
				CLANG_WARN_OBJC_LITERAL_CONVERSION = YES;
				CLANG_WARN_OBJC_ROOT_CLASS = YES_ERROR;
				CLANG_WARN_QUOTED_INCLUDE_IN_FRAMEWORK_HEADER = YES;
				CLANG_WARN_RANGE_LOOP_ANALYSIS = YES;
				CLANG_WARN_STRICT_PROTOTYPES = YES;
				CLANG_WARN_SUSPICIOUS_MOVE = YES;
				CLANG_WARN_UNGUARDED_AVAILABILITY = YES_AGGRESSIVE;
				CLANG_WARN_UNREACHABLE_CODE = YES;
				CLANG_WARN__DUPLICATE_METHOD_MATCH = YES;
				COPY_PHASE_STRIP = NO;
				DEBUG_INFORMATION_FORMAT = "dwarf-with-dsym";
				ENABLE_NS_ASSERTIONS = NO;
				ENABLE_STRICT_OBJC_MSGSEND = YES;
				GCC_C_LANGUAGE_STANDARD = gnu11;
				GCC_NO_COMMON_BLOCKS = YES;
				GCC_WARN_64_TO_32_BIT_CONVERSION = YES;
				GCC_WARN_ABOUT_RETURN_TYPE = YES_ERROR;
				GCC_WARN_UNDECLARED_SELECTOR = YES;
				GCC_WARN_UNINITIALIZED_AUTOS = YES_AGGRESSIVE;
				GCC_WARN_UNUSED_FUNCTION = YES;
				GCC_WARN_UNUSED_VARIABLE = YES;
				IPHONEOS_DEPLOYMENT_TARGET = 14.5;
				MTL_ENABLE_DEBUG_INFO = NO;
				MTL_FAST_MATH = YES;
				SDKROOT = iphoneos;
				SWIFT_COMPILATION_MODE = wholemodule;
				SWIFT_OPTIMIZATION_LEVEL = "-O";
				VALIDATE_PRODUCT = YES;
			};
			name = Release;
		};
		3ACC519826DECD70006E9F9C /* Debug */ = {
			isa = XCBuildConfiguration;
			buildSettings = {
				ASSETCATALOG_COMPILER_APPICON_NAME = AppIcon;
				ASSETCATALOG_COMPILER_GLOBAL_ACCENT_COLOR_NAME = AccentColor;
				CODE_SIGN_STYLE = Automatic;
				DEVELOPMENT_TEAM = 8P5AUHNF8W;
				INFOPLIST_FILE = "FetchMe-Events/Info.plist";
				LD_RUNPATH_SEARCH_PATHS = (
					"$(inherited)",
					"@executable_path/Frameworks",
				);
				PRODUCT_BUNDLE_IDENTIFIER = "WinterSolid-Personal-team-.FetchMe-Events";
				PRODUCT_NAME = "$(TARGET_NAME)";
				SWIFT_VERSION = 5.0;
				TARGETED_DEVICE_FAMILY = "1,2";
			};
			name = Debug;
		};
		3ACC519926DECD70006E9F9C /* Release */ = {
			isa = XCBuildConfiguration;
			buildSettings = {
				ASSETCATALOG_COMPILER_APPICON_NAME = AppIcon;
				ASSETCATALOG_COMPILER_GLOBAL_ACCENT_COLOR_NAME = AccentColor;
				CODE_SIGN_STYLE = Automatic;
				DEVELOPMENT_TEAM = 8P5AUHNF8W;
				INFOPLIST_FILE = "FetchMe-Events/Info.plist";
				LD_RUNPATH_SEARCH_PATHS = (
					"$(inherited)",
					"@executable_path/Frameworks",
				);
				PRODUCT_BUNDLE_IDENTIFIER = "WinterSolid-Personal-team-.FetchMe-Events";
				PRODUCT_NAME = "$(TARGET_NAME)";
				SWIFT_VERSION = 5.0;
				TARGETED_DEVICE_FAMILY = "1,2";
			};
			name = Release;
		};
/* End XCBuildConfiguration section */

/* Begin XCConfigurationList section */
		3ACC517E26DECD6E006E9F9C /* Build configuration list for PBXProject "FetchMe-Events" */ = {
			isa = XCConfigurationList;
			buildConfigurations = (
				3ACC519526DECD70006E9F9C /* Debug */,
				3ACC519626DECD70006E9F9C /* Release */,
			);
			defaultConfigurationIsVisible = 0;
			defaultConfigurationName = Release;
		};
		3ACC519726DECD70006E9F9C /* Build configuration list for PBXNativeTarget "FetchMe-Events" */ = {
			isa = XCConfigurationList;
			buildConfigurations = (
				3ACC519826DECD70006E9F9C /* Debug */,
				3ACC519926DECD70006E9F9C /* Release */,
			);
			defaultConfigurationIsVisible = 0;
			defaultConfigurationName = Release;
		};
/* End XCConfigurationList section */
	};
	rootObject = 3ACC517B26DECD6E006E9F9C /* Project object */;
}
